// !$*UTF8*$!
{
	archiveVersion = 1;
	classes = {
	};
	objectVersion = 55;
	objects = {

/* Begin PBXBuildFile section */
		3999482128C25D20009626B1 /* TVChartWatch WatchKit App.app in Embed Watch Content */ = {isa = PBXBuildFile; fileRef = 3999482028C25D20009626B1 /* TVChartWatch WatchKit App.app */; settings = {ATTRIBUTES = (RemoveHeadersOnCopy, ); }; };
		3999482628C25D22009626B1 /* Assets.xcassets in Resources */ = {isa = PBXBuildFile; fileRef = 3999482528C25D22009626B1 /* Assets.xcassets */; };
		3999482C28C25D22009626B1 /* TVChartWatch WatchKit Extension.appex in Embed App Extensions */ = {isa = PBXBuildFile; fileRef = 3999482B28C25D22009626B1 /* TVChartWatch WatchKit Extension.appex */; settings = {ATTRIBUTES = (RemoveHeadersOnCopy, ); }; };
		3999483128C25D22009626B1 /* ContentView.swift in Sources */ = {isa = PBXBuildFile; fileRef = 3999483028C25D22009626B1 /* ContentView.swift */; };
		3999483328C25D22009626B1 /* TVChartWatchApp.swift in Sources */ = {isa = PBXBuildFile; fileRef = 3999483228C25D22009626B1 /* TVChartWatchApp.swift */; };
		3999483528C25D22009626B1 /* ComplicationController.swift in Sources */ = {isa = PBXBuildFile; fileRef = 3999483428C25D22009626B1 /* ComplicationController.swift */; };
		3999483728C25D23009626B1 /* Assets.xcassets in Resources */ = {isa = PBXBuildFile; fileRef = 3999483628C25D23009626B1 /* Assets.xcassets */; };
		3999483A28C25D24009626B1 /* Preview Assets.xcassets in Resources */ = {isa = PBXBuildFile; fileRef = 3999483928C25D24009626B1 /* Preview Assets.xcassets */; };
		3999484528C25D24009626B1 /* TVChartWatchTests.swift in Sources */ = {isa = PBXBuildFile; fileRef = 3999484428C25D24009626B1 /* TVChartWatchTests.swift */; };
		3999484F28C25D24009626B1 /* TVChartWatchUITests.swift in Sources */ = {isa = PBXBuildFile; fileRef = 3999484E28C25D24009626B1 /* TVChartWatchUITests.swift */; };
		3999485128C25D24009626B1 /* TVChartWatchUITestsLaunchTests.swift in Sources */ = {isa = PBXBuildFile; fileRef = 3999485028C25D24009626B1 /* TVChartWatchUITestsLaunchTests.swift */; };
/* End PBXBuildFile section */

/* Begin PBXContainerItemProxy section */
		3999482228C25D20009626B1 /* PBXContainerItemProxy */ = {
			isa = PBXContainerItemProxy;
			containerPortal = 3999481628C25D1F009626B1 /* Project object */;
			proxyType = 1;
			remoteGlobalIDString = 3999481F28C25D20009626B1;
			remoteInfo = "TVChartWatch WatchKit App";
		};
		3999482D28C25D22009626B1 /* PBXContainerItemProxy */ = {
			isa = PBXContainerItemProxy;
			containerPortal = 3999481628C25D1F009626B1 /* Project object */;
			proxyType = 1;
			remoteGlobalIDString = 3999482A28C25D22009626B1;
			remoteInfo = "TVChartWatch WatchKit Extension";
		};
		3999484128C25D24009626B1 /* PBXContainerItemProxy */ = {
			isa = PBXContainerItemProxy;
			containerPortal = 3999481628C25D1F009626B1 /* Project object */;
			proxyType = 1;
			remoteGlobalIDString = 3999482A28C25D22009626B1;
			remoteInfo = "TVChartWatch WatchKit Extension";
		};
		3999484B28C25D24009626B1 /* PBXContainerItemProxy */ = {
			isa = PBXContainerItemProxy;
			containerPortal = 3999481628C25D1F009626B1 /* Project object */;
			proxyType = 1;
			remoteGlobalIDString = 3999481F28C25D20009626B1;
			remoteInfo = "TVChartWatch WatchKit App";
		};
/* End PBXContainerItemProxy section */

/* Begin PBXCopyFilesBuildPhase section */
		3999485728C25D24009626B1 /* Embed App Extensions */ = {
			isa = PBXCopyFilesBuildPhase;
			buildActionMask = 2147483647;
			dstPath = "";
			dstSubfolderSpec = 13;
			files = (
				3999482C28C25D22009626B1 /* TVChartWatch WatchKit Extension.appex in Embed App Extensions */,
			);
			name = "Embed App Extensions";
			runOnlyForDeploymentPostprocessing = 0;
		};
		3999485B28C25D24009626B1 /* Embed Watch Content */ = {
			isa = PBXCopyFilesBuildPhase;
			buildActionMask = 2147483647;
			dstPath = "$(CONTENTS_FOLDER_PATH)/Watch";
			dstSubfolderSpec = 16;
			files = (
				3999482128C25D20009626B1 /* TVChartWatch WatchKit App.app in Embed Watch Content */,
			);
			name = "Embed Watch Content";
			runOnlyForDeploymentPostprocessing = 0;
		};
/* End PBXCopyFilesBuildPhase section */

/* Begin PBXFileReference section */
		3999481C28C25D20009626B1 /* TVChartWatch.app */ = {isa = PBXFileReference; explicitFileType = wrapper.application; includeInIndex = 0; path = TVChartWatch.app; sourceTree = BUILT_PRODUCTS_DIR; };
		3999482028C25D20009626B1 /* TVChartWatch WatchKit App.app */ = {isa = PBXFileReference; explicitFileType = wrapper.application; includeInIndex = 0; path = "TVChartWatch WatchKit App.app"; sourceTree = BUILT_PRODUCTS_DIR; };
		3999482528C25D22009626B1 /* Assets.xcassets */ = {isa = PBXFileReference; lastKnownFileType = folder.assetcatalog; path = Assets.xcassets; sourceTree = "<group>"; };
		3999482B28C25D22009626B1 /* TVChartWatch WatchKit Extension.appex */ = {isa = PBXFileReference; explicitFileType = "wrapper.app-extension"; includeInIndex = 0; path = "TVChartWatch WatchKit Extension.appex"; sourceTree = BUILT_PRODUCTS_DIR; };
		3999483028C25D22009626B1 /* ContentView.swift */ = {isa = PBXFileReference; lastKnownFileType = sourcecode.swift; path = ContentView.swift; sourceTree = "<group>"; };
		3999483228C25D22009626B1 /* TVChartWatchApp.swift */ = {isa = PBXFileReference; lastKnownFileType = sourcecode.swift; path = TVChartWatchApp.swift; sourceTree = "<group>"; };
		3999483428C25D22009626B1 /* ComplicationController.swift */ = {isa = PBXFileReference; lastKnownFileType = sourcecode.swift; path = ComplicationController.swift; sourceTree = "<group>"; };
		3999483628C25D23009626B1 /* Assets.xcassets */ = {isa = PBXFileReference; lastKnownFileType = folder.assetcatalog; path = Assets.xcassets; sourceTree = "<group>"; };
		3999483928C25D24009626B1 /* Preview Assets.xcassets */ = {isa = PBXFileReference; lastKnownFileType = folder.assetcatalog; path = "Preview Assets.xcassets"; sourceTree = "<group>"; };
		3999483B28C25D24009626B1 /* Info.plist */ = {isa = PBXFileReference; lastKnownFileType = text.plist.xml; path = Info.plist; sourceTree = "<group>"; };
		3999484028C25D24009626B1 /* TVChartWatchTests.xctest */ = {isa = PBXFileReference; explicitFileType = wrapper.cfbundle; includeInIndex = 0; path = TVChartWatchTests.xctest; sourceTree = BUILT_PRODUCTS_DIR; };
		3999484428C25D24009626B1 /* TVChartWatchTests.swift */ = {isa = PBXFileReference; lastKnownFileType = sourcecode.swift; path = TVChartWatchTests.swift; sourceTree = "<group>"; };
		3999484A28C25D24009626B1 /* TVChartWatchUITests.xctest */ = {isa = PBXFileReference; explicitFileType = wrapper.cfbundle; includeInIndex = 0; path = TVChartWatchUITests.xctest; sourceTree = BUILT_PRODUCTS_DIR; };
		3999484E28C25D24009626B1 /* TVChartWatchUITests.swift */ = {isa = PBXFileReference; lastKnownFileType = sourcecode.swift; path = TVChartWatchUITests.swift; sourceTree = "<group>"; };
		3999485028C25D24009626B1 /* TVChartWatchUITestsLaunchTests.swift */ = {isa = PBXFileReference; lastKnownFileType = sourcecode.swift; path = TVChartWatchUITestsLaunchTests.swift; sourceTree = "<group>"; };
/* End PBXFileReference section */

/* Begin PBXFrameworksBuildPhase section */
		3999482828C25D22009626B1 /* Frameworks */ = {
			isa = PBXFrameworksBuildPhase;
			buildActionMask = 2147483647;
			files = (
			);
			runOnlyForDeploymentPostprocessing = 0;
		};
		3999483D28C25D24009626B1 /* Frameworks */ = {
			isa = PBXFrameworksBuildPhase;
			buildActionMask = 2147483647;
			files = (
			);
			runOnlyForDeploymentPostprocessing = 0;
		};
		3999484728C25D24009626B1 /* Frameworks */ = {
			isa = PBXFrameworksBuildPhase;
			buildActionMask = 2147483647;
			files = (
			);
			runOnlyForDeploymentPostprocessing = 0;
		};
/* End PBXFrameworksBuildPhase section */

/* Begin PBXGroup section */
		3999481528C25D1F009626B1 = {
			isa = PBXGroup;
			children = (
				3999482428C25D20009626B1 /* TVChartWatch WatchKit App */,
				3999482F28C25D22009626B1 /* TVChartWatch WatchKit Extension */,
				3999484328C25D24009626B1 /* TVChartWatchTests */,
				3999484D28C25D24009626B1 /* TVChartWatchUITests */,
				3999481D28C25D20009626B1 /* Products */,
			);
			sourceTree = "<group>";
		};
		3999481D28C25D20009626B1 /* Products */ = {
			isa = PBXGroup;
			children = (
				3999481C28C25D20009626B1 /* TVChartWatch.app */,
				3999482028C25D20009626B1 /* TVChartWatch WatchKit App.app */,
				3999482B28C25D22009626B1 /* TVChartWatch WatchKit Extension.appex */,
				3999484028C25D24009626B1 /* TVChartWatchTests.xctest */,
				3999484A28C25D24009626B1 /* TVChartWatchUITests.xctest */,
			);
			name = Products;
			sourceTree = "<group>";
		};
		3999482428C25D20009626B1 /* TVChartWatch WatchKit App */ = {
			isa = PBXGroup;
			children = (
				3999482528C25D22009626B1 /* Assets.xcassets */,
			);
			path = "TVChartWatch WatchKit App";
			sourceTree = "<group>";
		};
		3999482F28C25D22009626B1 /* TVChartWatch WatchKit Extension */ = {
			isa = PBXGroup;
			children = (
				3999483028C25D22009626B1 /* ContentView.swift */,
				3999483228C25D22009626B1 /* TVChartWatchApp.swift */,
				3999483428C25D22009626B1 /* ComplicationController.swift */,
				3999483628C25D23009626B1 /* Assets.xcassets */,
				3999483B28C25D24009626B1 /* Info.plist */,
				3999483828C25D24009626B1 /* Preview Content */,
			);
			path = "TVChartWatch WatchKit Extension";
			sourceTree = "<group>";
		};
		3999483828C25D24009626B1 /* Preview Content */ = {
			isa = PBXGroup;
			children = (
				3999483928C25D24009626B1 /* Preview Assets.xcassets */,
			);
			path = "Preview Content";
			sourceTree = "<group>";
		};
		3999484328C25D24009626B1 /* TVChartWatchTests */ = {
			isa = PBXGroup;
			children = (
				3999484428C25D24009626B1 /* TVChartWatchTests.swift */,
			);
			path = TVChartWatchTests;
			sourceTree = "<group>";
		};
		3999484D28C25D24009626B1 /* TVChartWatchUITests */ = {
			isa = PBXGroup;
			children = (
				3999484E28C25D24009626B1 /* TVChartWatchUITests.swift */,
				3999485028C25D24009626B1 /* TVChartWatchUITestsLaunchTests.swift */,
			);
			path = TVChartWatchUITests;
			sourceTree = "<group>";
		};
/* End PBXGroup section */

/* Begin PBXNativeTarget section */
		3999481B28C25D20009626B1 /* TVChartWatch */ = {
			isa = PBXNativeTarget;
			buildConfigurationList = 3999485C28C25D24009626B1 /* Build configuration list for PBXNativeTarget "TVChartWatch" */;
			buildPhases = (
				3999481A28C25D20009626B1 /* Resources */,
				3999485B28C25D24009626B1 /* Embed Watch Content */,
			);
			buildRules = (
			);
			dependencies = (
				3999482328C25D20009626B1 /* PBXTargetDependency */,
			);
			name = TVChartWatch;
			productName = TVChartWatch;
			productReference = 3999481C28C25D20009626B1 /* TVChartWatch.app */;
			productType = "com.apple.product-type.application.watchapp2-container";
		};
		3999481F28C25D20009626B1 /* TVChartWatch WatchKit App */ = {
			isa = PBXNativeTarget;
			buildConfigurationList = 3999485828C25D24009626B1 /* Build configuration list for PBXNativeTarget "TVChartWatch WatchKit App" */;
			buildPhases = (
				3999481E28C25D20009626B1 /* Resources */,
				3999485728C25D24009626B1 /* Embed App Extensions */,
			);
			buildRules = (
			);
			dependencies = (
				3999482E28C25D22009626B1 /* PBXTargetDependency */,
			);
			name = "TVChartWatch WatchKit App";
			productName = "TVChartWatch WatchKit App";
			productReference = 3999482028C25D20009626B1 /* TVChartWatch WatchKit App.app */;
			productType = "com.apple.product-type.application.watchapp2";
		};
		3999482A28C25D22009626B1 /* TVChartWatch WatchKit Extension */ = {
			isa = PBXNativeTarget;
			buildConfigurationList = 3999485428C25D24009626B1 /* Build configuration list for PBXNativeTarget "TVChartWatch WatchKit Extension" */;
			buildPhases = (
				3999482728C25D22009626B1 /* Sources */,
				3999482828C25D22009626B1 /* Frameworks */,
				3999482928C25D22009626B1 /* Resources */,
			);
			buildRules = (
			);
			dependencies = (
			);
			name = "TVChartWatch WatchKit Extension";
			productName = "TVChartWatch WatchKit Extension";
			productReference = 3999482B28C25D22009626B1 /* TVChartWatch WatchKit Extension.appex */;
			productType = "com.apple.product-type.watchkit2-extension";
		};
		3999483F28C25D24009626B1 /* TVChartWatchTests */ = {
			isa = PBXNativeTarget;
			buildConfigurationList = 3999485F28C25D24009626B1 /* Build configuration list for PBXNativeTarget "TVChartWatchTests" */;
			buildPhases = (
				3999483C28C25D24009626B1 /* Sources */,
				3999483D28C25D24009626B1 /* Frameworks */,
				3999483E28C25D24009626B1 /* Resources */,
			);
			buildRules = (
			);
			dependencies = (
				3999484228C25D24009626B1 /* PBXTargetDependency */,
			);
			name = TVChartWatchTests;
			productName = TVChartWatchTests;
			productReference = 3999484028C25D24009626B1 /* TVChartWatchTests.xctest */;
			productType = "com.apple.product-type.bundle.unit-test";
		};
		3999484928C25D24009626B1 /* TVChartWatchUITests */ = {
			isa = PBXNativeTarget;
			buildConfigurationList = 3999486228C25D24009626B1 /* Build configuration list for PBXNativeTarget "TVChartWatchUITests" */;
			buildPhases = (
				3999484628C25D24009626B1 /* Sources */,
				3999484728C25D24009626B1 /* Frameworks */,
				3999484828C25D24009626B1 /* Resources */,
			);
			buildRules = (
			);
			dependencies = (
				3999484C28C25D24009626B1 /* PBXTargetDependency */,
			);
			name = TVChartWatchUITests;
			productName = TVChartWatchUITests;
			productReference = 3999484A28C25D24009626B1 /* TVChartWatchUITests.xctest */;
			productType = "com.apple.product-type.bundle.ui-testing";
		};
/* End PBXNativeTarget section */

/* Begin PBXProject section */
		3999481628C25D1F009626B1 /* Project object */ = {
			isa = PBXProject;
			attributes = {
				BuildIndependentTargetsInParallel = 1;
				LastSwiftUpdateCheck = 1340;
				LastUpgradeCheck = 1340;
				TargetAttributes = {
					3999481B28C25D20009626B1 = {
						CreatedOnToolsVersion = 13.4.1;
					};
					3999481F28C25D20009626B1 = {
						CreatedOnToolsVersion = 13.4.1;
					};
					3999482A28C25D22009626B1 = {
						CreatedOnToolsVersion = 13.4.1;
					};
					3999483F28C25D24009626B1 = {
						CreatedOnToolsVersion = 13.4.1;
						TestTargetID = 3999482A28C25D22009626B1;
					};
					3999484928C25D24009626B1 = {
						CreatedOnToolsVersion = 13.4.1;
						TestTargetID = 3999481F28C25D20009626B1;
					};
				};
			};
			buildConfigurationList = 3999481928C25D1F009626B1 /* Build configuration list for PBXProject "TVChartWatch" */;
			compatibilityVersion = "Xcode 13.0";
			developmentRegion = en;
			hasScannedForEncodings = 0;
			knownRegions = (
				en,
				Base,
			);
			mainGroup = 3999481528C25D1F009626B1;
			productRefGroup = 3999481D28C25D20009626B1 /* Products */;
			projectDirPath = "";
			projectRoot = "";
			targets = (
				3999481B28C25D20009626B1 /* TVChartWatch */,
				3999481F28C25D20009626B1 /* TVChartWatch WatchKit App */,
				3999482A28C25D22009626B1 /* TVChartWatch WatchKit Extension */,
				3999483F28C25D24009626B1 /* TVChartWatchTests */,
				3999484928C25D24009626B1 /* TVChartWatchUITests */,
			);
		};
/* End PBXProject section */

/* Begin PBXResourcesBuildPhase section */
		3999481A28C25D20009626B1 /* Resources */ = {
			isa = PBXResourcesBuildPhase;
			buildActionMask = 2147483647;
			files = (
			);
			runOnlyForDeploymentPostprocessing = 0;
		};
		3999481E28C25D20009626B1 /* Resources */ = {
			isa = PBXResourcesBuildPhase;
			buildActionMask = 2147483647;
			files = (
				3999482628C25D22009626B1 /* Assets.xcassets in Resources */,
			);
			runOnlyForDeploymentPostprocessing = 0;
		};
		3999482928C25D22009626B1 /* Resources */ = {
			isa = PBXResourcesBuildPhase;
			buildActionMask = 2147483647;
			files = (
				3999483A28C25D24009626B1 /* Preview Assets.xcassets in Resources */,
				3999483728C25D23009626B1 /* Assets.xcassets in Resources */,
			);
			runOnlyForDeploymentPostprocessing = 0;
		};
		3999483E28C25D24009626B1 /* Resources */ = {
			isa = PBXResourcesBuildPhase;
			buildActionMask = 2147483647;
			files = (
			);
			runOnlyForDeploymentPostprocessing = 0;
		};
		3999484828C25D24009626B1 /* Resources */ = {
			isa = PBXResourcesBuildPhase;
			buildActionMask = 2147483647;
			files = (
			);
			runOnlyForDeploymentPostprocessing = 0;
		};
/* End PBXResourcesBuildPhase section */

/* Begin PBXSourcesBuildPhase section */
		3999482728C25D22009626B1 /* Sources */ = {
			isa = PBXSourcesBuildPhase;
			buildActionMask = 2147483647;
			files = (
				3999483328C25D22009626B1 /* TVChartWatchApp.swift in Sources */,
				3999483128C25D22009626B1 /* ContentView.swift in Sources */,
				3999483528C25D22009626B1 /* ComplicationController.swift in Sources */,
			);
			runOnlyForDeploymentPostprocessing = 0;
		};
		3999483C28C25D24009626B1 /* Sources */ = {
			isa = PBXSourcesBuildPhase;
			buildActionMask = 2147483647;
			files = (
				3999484528C25D24009626B1 /* TVChartWatchTests.swift in Sources */,
			);
			runOnlyForDeploymentPostprocessing = 0;
		};
		3999484628C25D24009626B1 /* Sources */ = {
			isa = PBXSourcesBuildPhase;
			buildActionMask = 2147483647;
			files = (
				3999484F28C25D24009626B1 /* TVChartWatchUITests.swift in Sources */,
				3999485128C25D24009626B1 /* TVChartWatchUITestsLaunchTests.swift in Sources */,
			);
			runOnlyForDeploymentPostprocessing = 0;
		};
/* End PBXSourcesBuildPhase section */

/* Begin PBXTargetDependency section */
		3999482328C25D20009626B1 /* PBXTargetDependency */ = {
			isa = PBXTargetDependency;
			target = 3999481F28C25D20009626B1 /* TVChartWatch WatchKit App */;
			targetProxy = 3999482228C25D20009626B1 /* PBXContainerItemProxy */;
		};
		3999482E28C25D22009626B1 /* PBXTargetDependency */ = {
			isa = PBXTargetDependency;
			target = 3999482A28C25D22009626B1 /* TVChartWatch WatchKit Extension */;
			targetProxy = 3999482D28C25D22009626B1 /* PBXContainerItemProxy */;
		};
		3999484228C25D24009626B1 /* PBXTargetDependency */ = {
			isa = PBXTargetDependency;
			target = 3999482A28C25D22009626B1 /* TVChartWatch WatchKit Extension */;
			targetProxy = 3999484128C25D24009626B1 /* PBXContainerItemProxy */;
		};
		3999484C28C25D24009626B1 /* PBXTargetDependency */ = {
			isa = PBXTargetDependency;
			target = 3999481F28C25D20009626B1 /* TVChartWatch WatchKit App */;
			targetProxy = 3999484B28C25D24009626B1 /* PBXContainerItemProxy */;
		};
/* End PBXTargetDependency section */

/* Begin XCBuildConfiguration section */
		3999485228C25D24009626B1 /* Debug */ = {
			isa = XCBuildConfiguration;
			buildSettings = {
				ALWAYS_SEARCH_USER_PATHS = NO;
				CLANG_ANALYZER_NONNULL = YES;
				CLANG_ANALYZER_NUMBER_OBJECT_CONVERSION = YES_AGGRESSIVE;
				CLANG_CXX_LANGUAGE_STANDARD = "gnu++17";
				CLANG_ENABLE_MODULES = YES;
				CLANG_ENABLE_OBJC_ARC = YES;
				CLANG_ENABLE_OBJC_WEAK = YES;
				CLANG_WARN_BLOCK_CAPTURE_AUTORELEASING = YES;
				CLANG_WARN_BOOL_CONVERSION = YES;
				CLANG_WARN_COMMA = YES;
				CLANG_WARN_CONSTANT_CONVERSION = YES;
				CLANG_WARN_DEPRECATED_OBJC_IMPLEMENTATIONS = YES;
				CLANG_WARN_DIRECT_OBJC_ISA_USAGE = YES_ERROR;
				CLANG_WARN_DOCUMENTATION_COMMENTS = YES;
				CLANG_WARN_EMPTY_BODY = YES;
				CLANG_WARN_ENUM_CONVERSION = YES;
				CLANG_WARN_INFINITE_RECURSION = YES;
				CLANG_WARN_INT_CONVERSION = YES;
				CLANG_WARN_NON_LITERAL_NULL_CONVERSION = YES;
				CLANG_WARN_OBJC_IMPLICIT_RETAIN_SELF = YES;
				CLANG_WARN_OBJC_LITERAL_CONVERSION = YES;
				CLANG_WARN_OBJC_ROOT_CLASS = YES_ERROR;
				CLANG_WARN_QUOTED_INCLUDE_IN_FRAMEWORK_HEADER = YES;
				CLANG_WARN_RANGE_LOOP_ANALYSIS = YES;
				CLANG_WARN_STRICT_PROTOTYPES = YES;
				CLANG_WARN_SUSPICIOUS_MOVE = YES;
				CLANG_WARN_UNGUARDED_AVAILABILITY = YES_AGGRESSIVE;
				CLANG_WARN_UNREACHABLE_CODE = YES;
				CLANG_WARN__DUPLICATE_METHOD_MATCH = YES;
				COPY_PHASE_STRIP = NO;
				DEBUG_INFORMATION_FORMAT = dwarf;
				ENABLE_STRICT_OBJC_MSGSEND = YES;
				ENABLE_TESTABILITY = YES;
				GCC_C_LANGUAGE_STANDARD = gnu11;
				GCC_DYNAMIC_NO_PIC = NO;
				GCC_NO_COMMON_BLOCKS = YES;
				GCC_OPTIMIZATION_LEVEL = 0;
				GCC_PREPROCESSOR_DEFINITIONS = (
					"DEBUG=1",
					"$(inherited)",
				);
				GCC_WARN_64_TO_32_BIT_CONVERSION = YES;
				GCC_WARN_ABOUT_RETURN_TYPE = YES_ERROR;
				GCC_WARN_UNDECLARED_SELECTOR = YES;
				GCC_WARN_UNINITIALIZED_AUTOS = YES_AGGRESSIVE;
				GCC_WARN_UNUSED_FUNCTION = YES;
				GCC_WARN_UNUSED_VARIABLE = YES;
				MTL_ENABLE_DEBUG_INFO = INCLUDE_SOURCE;
				MTL_FAST_MATH = YES;
				ONLY_ACTIVE_ARCH = YES;
				SDKROOT = iphoneos;
				SWIFT_ACTIVE_COMPILATION_CONDITIONS = DEBUG;
				SWIFT_OPTIMIZATION_LEVEL = "-Onone";
			};
			name = Debug;
		};
		3999485328C25D24009626B1 /* Release */ = {
			isa = XCBuildConfiguration;
			buildSettings = {
				ALWAYS_SEARCH_USER_PATHS = NO;
				CLANG_ANALYZER_NONNULL = YES;
				CLANG_ANALYZER_NUMBER_OBJECT_CONVERSION = YES_AGGRESSIVE;
				CLANG_CXX_LANGUAGE_STANDARD = "gnu++17";
				CLANG_ENABLE_MODULES = YES;
				CLANG_ENABLE_OBJC_ARC = YES;
				CLANG_ENABLE_OBJC_WEAK = YES;
				CLANG_WARN_BLOCK_CAPTURE_AUTORELEASING = YES;
				CLANG_WARN_BOOL_CONVERSION = YES;
				CLANG_WARN_COMMA = YES;
				CLANG_WARN_CONSTANT_CONVERSION = YES;
				CLANG_WARN_DEPRECATED_OBJC_IMPLEMENTATIONS = YES;
				CLANG_WARN_DIRECT_OBJC_ISA_USAGE = YES_ERROR;
				CLANG_WARN_DOCUMENTATION_COMMENTS = YES;
				CLANG_WARN_EMPTY_BODY = YES;
				CLANG_WARN_ENUM_CONVERSION = YES;
				CLANG_WARN_INFINITE_RECURSION = YES;
				CLANG_WARN_INT_CONVERSION = YES;
				CLANG_WARN_NON_LITERAL_NULL_CONVERSION = YES;
				CLANG_WARN_OBJC_IMPLICIT_RETAIN_SELF = YES;
				CLANG_WARN_OBJC_LITERAL_CONVERSION = YES;
				CLANG_WARN_OBJC_ROOT_CLASS = YES_ERROR;
				CLANG_WARN_QUOTED_INCLUDE_IN_FRAMEWORK_HEADER = YES;
				CLANG_WARN_RANGE_LOOP_ANALYSIS = YES;
				CLANG_WARN_STRICT_PROTOTYPES = YES;
				CLANG_WARN_SUSPICIOUS_MOVE = YES;
				CLANG_WARN_UNGUARDED_AVAILABILITY = YES_AGGRESSIVE;
				CLANG_WARN_UNREACHABLE_CODE = YES;
				CLANG_WARN__DUPLICATE_METHOD_MATCH = YES;
				COPY_PHASE_STRIP = NO;
				DEBUG_INFORMATION_FORMAT = "dwarf-with-dsym";
				ENABLE_NS_ASSERTIONS = NO;
				ENABLE_STRICT_OBJC_MSGSEND = YES;
				GCC_C_LANGUAGE_STANDARD = gnu11;
				GCC_NO_COMMON_BLOCKS = YES;
				GCC_WARN_64_TO_32_BIT_CONVERSION = YES;
				GCC_WARN_ABOUT_RETURN_TYPE = YES_ERROR;
				GCC_WARN_UNDECLARED_SELECTOR = YES;
				GCC_WARN_UNINITIALIZED_AUTOS = YES_AGGRESSIVE;
				GCC_WARN_UNUSED_FUNCTION = YES;
				GCC_WARN_UNUSED_VARIABLE = YES;
				MTL_ENABLE_DEBUG_INFO = NO;
				MTL_FAST_MATH = YES;
				SDKROOT = iphoneos;
				SWIFT_COMPILATION_MODE = wholemodule;
				SWIFT_OPTIMIZATION_LEVEL = "-O";
				VALIDATE_PRODUCT = YES;
			};
			name = Release;
		};
		3999485528C25D24009626B1 /* Debug */ = {
			isa = XCBuildConfiguration;
			buildSettings = {
				ASSETCATALOG_COMPILER_COMPLICATION_NAME = Complication;
				CODE_SIGN_STYLE = Automatic;
				CURRENT_PROJECT_VERSION = 1;
				DEVELOPMENT_ASSET_PATHS = "\"TVChartWatch WatchKit Extension/Preview Content\"";
				DEVELOPMENT_TEAM = 4ZGHKBJ8WE;
				ENABLE_PREVIEWS = YES;
				GENERATE_INFOPLIST_FILE = YES;
				INFOPLIST_FILE = "TVChartWatch WatchKit Extension/Info.plist";
				INFOPLIST_KEY_CFBundleDisplayName = "TVChartWatch WatchKit Extension";
				INFOPLIST_KEY_CLKComplicationPrincipalClass = "$(PRODUCT_MODULE_NAME).ComplicationController";
				INFOPLIST_KEY_NSHumanReadableCopyright = "";
				INFOPLIST_KEY_WKWatchOnly = YES;
				LD_RUNPATH_SEARCH_PATHS = (
					"$(inherited)",
					"@executable_path/Frameworks",
					"@executable_path/../../Frameworks",
				);
				MARKETING_VERSION = 1.0;
				PRODUCT_BUNDLE_IDENTIFIER = com.robotpie.TVChartWatch.watchkitapp.watchkitextension;
				PRODUCT_NAME = "${TARGET_NAME}";
				SDKROOT = watchos;
				SKIP_INSTALL = YES;
				SWIFT_EMIT_LOC_STRINGS = YES;
				SWIFT_VERSION = 5.0;
				TARGETED_DEVICE_FAMILY = 4;
				WATCHOS_DEPLOYMENT_TARGET = 8.5;
			};
			name = Debug;
		};
		3999485628C25D24009626B1 /* Release */ = {
			isa = XCBuildConfiguration;
			buildSettings = {
				ASSETCATALOG_COMPILER_COMPLICATION_NAME = Complication;
				CODE_SIGN_STYLE = Automatic;
				CURRENT_PROJECT_VERSION = 1;
				DEVELOPMENT_ASSET_PATHS = "\"TVChartWatch WatchKit Extension/Preview Content\"";
				DEVELOPMENT_TEAM = 4ZGHKBJ8WE;
				ENABLE_PREVIEWS = YES;
				GENERATE_INFOPLIST_FILE = YES;
				INFOPLIST_FILE = "TVChartWatch WatchKit Extension/Info.plist";
				INFOPLIST_KEY_CFBundleDisplayName = "TVChartWatch WatchKit Extension";
				INFOPLIST_KEY_CLKComplicationPrincipalClass = "$(PRODUCT_MODULE_NAME).ComplicationController";
				INFOPLIST_KEY_NSHumanReadableCopyright = "";
				INFOPLIST_KEY_WKWatchOnly = YES;
				LD_RUNPATH_SEARCH_PATHS = (
					"$(inherited)",
					"@executable_path/Frameworks",
					"@executable_path/../../Frameworks",
				);
				MARKETING_VERSION = 1.0;
				PRODUCT_BUNDLE_IDENTIFIER = com.robotpie.TVChartWatch.watchkitapp.watchkitextension;
				PRODUCT_NAME = "${TARGET_NAME}";
				SDKROOT = watchos;
				SKIP_INSTALL = YES;
				SWIFT_EMIT_LOC_STRINGS = YES;
				SWIFT_VERSION = 5.0;
				TARGETED_DEVICE_FAMILY = 4;
				WATCHOS_DEPLOYMENT_TARGET = 8.5;
			};
			name = Release;
		};
		3999485928C25D24009626B1 /* Debug */ = {
			isa = XCBuildConfiguration;
			buildSettings = {
				ALWAYS_EMBED_SWIFT_STANDARD_LIBRARIES = YES;
				ASSETCATALOG_COMPILER_APPICON_NAME = AppIcon;
				ASSETCATALOG_COMPILER_GLOBAL_ACCENT_COLOR_NAME = AccentColor;
				CODE_SIGN_STYLE = Automatic;
				CURRENT_PROJECT_VERSION = 1;
				DEVELOPMENT_TEAM = 4ZGHKBJ8WE;
				GENERATE_INFOPLIST_FILE = YES;
				IBSC_MODULE = TVChartWatch_WatchKit_Extension;
				INFOPLIST_KEY_CFBundleDisplayName = "TVChartWatch WatchKit App";
				INFOPLIST_KEY_UISupportedInterfaceOrientations = "UIInterfaceOrientationPortrait UIInterfaceOrientationPortraitUpsideDown";
				MARKETING_VERSION = 1.0;
				PRODUCT_BUNDLE_IDENTIFIER = com.robotpie.TVChartWatch.watchkitapp;
				PRODUCT_NAME = "$(TARGET_NAME)";
				SDKROOT = watchos;
				SKIP_INSTALL = YES;
				SWIFT_EMIT_LOC_STRINGS = YES;
				SWIFT_VERSION = 5.0;
				TARGETED_DEVICE_FAMILY = 4;
				WATCHOS_DEPLOYMENT_TARGET = 8.5;
			};
			name = Debug;
		};
		3999485A28C25D24009626B1 /* Release */ = {
			isa = XCBuildConfiguration;
			buildSettings = {
				ALWAYS_EMBED_SWIFT_STANDARD_LIBRARIES = YES;
				ASSETCATALOG_COMPILER_APPICON_NAME = AppIcon;
				ASSETCATALOG_COMPILER_GLOBAL_ACCENT_COLOR_NAME = AccentColor;
				CODE_SIGN_STYLE = Automatic;
				CURRENT_PROJECT_VERSION = 1;
				DEVELOPMENT_TEAM = 4ZGHKBJ8WE;
				GENERATE_INFOPLIST_FILE = YES;
				IBSC_MODULE = TVChartWatch_WatchKit_Extension;
				INFOPLIST_KEY_CFBundleDisplayName = "TVChartWatch WatchKit App";
				INFOPLIST_KEY_UISupportedInterfaceOrientations = "UIInterfaceOrientationPortrait UIInterfaceOrientationPortraitUpsideDown";
				MARKETING_VERSION = 1.0;
				PRODUCT_BUNDLE_IDENTIFIER = com.robotpie.TVChartWatch.watchkitapp;
				PRODUCT_NAME = "$(TARGET_NAME)";
				SDKROOT = watchos;
				SKIP_INSTALL = YES;
				SWIFT_EMIT_LOC_STRINGS = YES;
				SWIFT_VERSION = 5.0;
				TARGETED_DEVICE_FAMILY = 4;
				WATCHOS_DEPLOYMENT_TARGET = 8.5;
			};
			name = Release;
		};
		3999485D28C25D24009626B1 /* Debug */ = {
			isa = XCBuildConfiguration;
			buildSettings = {
				CODE_SIGN_STYLE = Automatic;
				CURRENT_PROJECT_VERSION = 1;
				DEVELOPMENT_TEAM = 4ZGHKBJ8WE;
				MARKETING_VERSION = 1.0;
				PRODUCT_BUNDLE_IDENTIFIER = com.robotpie.TVChartWatch;
				PRODUCT_NAME = "$(TARGET_NAME)";
				SWIFT_VERSION = 5.0;
			};
			name = Debug;
		};
		3999485E28C25D24009626B1 /* Release */ = {
			isa = XCBuildConfiguration;
			buildSettings = {
				CODE_SIGN_STYLE = Automatic;
				CURRENT_PROJECT_VERSION = 1;
				DEVELOPMENT_TEAM = 4ZGHKBJ8WE;
				MARKETING_VERSION = 1.0;
				PRODUCT_BUNDLE_IDENTIFIER = com.robotpie.TVChartWatch;
				PRODUCT_NAME = "$(TARGET_NAME)";
				SWIFT_VERSION = 5.0;
			};
			name = Release;
		};
		3999486028C25D24009626B1 /* Debug */ = {
			isa = XCBuildConfiguration;
			buildSettings = {
				ALWAYS_EMBED_SWIFT_STANDARD_LIBRARIES = YES;
				BUNDLE_LOADER = "$(TEST_HOST)";
				CODE_SIGN_STYLE = Automatic;
				CURRENT_PROJECT_VERSION = 1;
				DEVELOPMENT_TEAM = 4ZGHKBJ8WE;
				GENERATE_INFOPLIST_FILE = YES;
				MARKETING_VERSION = 1.0;
				PRODUCT_BUNDLE_IDENTIFIER = com.robotpie.TVChartWatchTests;
				PRODUCT_NAME = "$(TARGET_NAME)";
				SDKROOT = watchos;
				SWIFT_EMIT_LOC_STRINGS = NO;
				SWIFT_VERSION = 5.0;
				TARGETED_DEVICE_FAMILY = 4;
				TEST_HOST = "$(BUILT_PRODUCTS_DIR)/TVChartWatch WatchKit Extension.appex/TVChartWatch WatchKit Extension";
				WATCHOS_DEPLOYMENT_TARGET = 8.5;
			};
			name = Debug;
		};
		3999486128C25D24009626B1 /* Release */ = {
			isa = XCBuildConfiguration;
			buildSettings = {
				ALWAYS_EMBED_SWIFT_STANDARD_LIBRARIES = YES;
				BUNDLE_LOADER = "$(TEST_HOST)";
				CODE_SIGN_STYLE = Automatic;
				CURRENT_PROJECT_VERSION = 1;
				DEVELOPMENT_TEAM = 4ZGHKBJ8WE;
				GENERATE_INFOPLIST_FILE = YES;
				MARKETING_VERSION = 1.0;
				PRODUCT_BUNDLE_IDENTIFIER = com.robotpie.TVChartWatchTests;
				PRODUCT_NAME = "$(TARGET_NAME)";
				SDKROOT = watchos;
				SWIFT_EMIT_LOC_STRINGS = NO;
				SWIFT_VERSION = 5.0;
				TARGETED_DEVICE_FAMILY = 4;
				TEST_HOST = "$(BUILT_PRODUCTS_DIR)/TVChartWatch WatchKit Extension.appex/TVChartWatch WatchKit Extension";
				WATCHOS_DEPLOYMENT_TARGET = 8.5;
			};
			name = Release;
		};
		3999486328C25D24009626B1 /* Debug */ = {
			isa = XCBuildConfiguration;
			buildSettings = {
				CODE_SIGN_STYLE = Automatic;
				CURRENT_PROJECT_VERSION = 1;
				DEVELOPMENT_TEAM = 4ZGHKBJ8WE;
				GENERATE_INFOPLIST_FILE = YES;
				MARKETING_VERSION = 1.0;
				PRODUCT_BUNDLE_IDENTIFIER = com.robotpie.TVChartWatchUITests;
				PRODUCT_NAME = "$(TARGET_NAME)";
				SDKROOT = watchos;
				SWIFT_EMIT_LOC_STRINGS = NO;
				SWIFT_VERSION = 5.0;
				TARGETED_DEVICE_FAMILY = 4;
				TEST_TARGET_NAME = "TVChartWatch WatchKit App";
				WATCHOS_DEPLOYMENT_TARGET = 8.5;
			};
			name = Debug;
		};
		3999486428C25D24009626B1 /* Release */ = {
			isa = XCBuildConfiguration;
			buildSettings = {
				CODE_SIGN_STYLE = Automatic;
				CURRENT_PROJECT_VERSION = 1;
				DEVELOPMENT_TEAM = 4ZGHKBJ8WE;
				GENERATE_INFOPLIST_FILE = YES;
				MARKETING_VERSION = 1.0;
				PRODUCT_BUNDLE_IDENTIFIER = com.robotpie.TVChartWatchUITests;
				PRODUCT_NAME = "$(TARGET_NAME)";
				SDKROOT = watchos;
				SWIFT_EMIT_LOC_STRINGS = NO;
				SWIFT_VERSION = 5.0;
				TARGETED_DEVICE_FAMILY = 4;
				TEST_TARGET_NAME = "TVChartWatch WatchKit App";
				WATCHOS_DEPLOYMENT_TARGET = 8.5;
			};
			name = Release;
		};
/* End XCBuildConfiguration section */

/* Begin XCConfigurationList section */
		3999481928C25D1F009626B1 /* Build configuration list for PBXProject "TVChartWatch" */ = {
			isa = XCConfigurationList;
			buildConfigurations = (
				3999485228C25D24009626B1 /* Debug */,
				3999485328C25D24009626B1 /* Release */,
			);
			defaultConfigurationIsVisible = 0;
			defaultConfigurationName = Release;
		};
		3999485428C25D24009626B1 /* Build configuration list for PBXNativeTarget "TVChartWatch WatchKit Extension" */ = {
			isa = XCConfigurationList;
			buildConfigurations = (
				3999485528C25D24009626B1 /* Debug */,
				3999485628C25D24009626B1 /* Release */,
			);
			defaultConfigurationIsVisible = 0;
			defaultConfigurationName = Release;
		};
		3999485828C25D24009626B1 /* Build configuration list for PBXNativeTarget "TVChartWatch WatchKit App" */ = {
			isa = XCConfigurationList;
			buildConfigurations = (
				3999485928C25D24009626B1 /* Debug */,
				3999485A28C25D24009626B1 /* Release */,
			);
			defaultConfigurationIsVisible = 0;
			defaultConfigurationName = Release;
		};
		3999485C28C25D24009626B1 /* Build configuration list for PBXNativeTarget "TVChartWatch" */ = {
			isa = XCConfigurationList;
			buildConfigurations = (
				3999485D28C25D24009626B1 /* Debug */,
				3999485E28C25D24009626B1 /* Release */,
			);
			defaultConfigurationIsVisible = 0;
			defaultConfigurationName = Release;
		};
		3999485F28C25D24009626B1 /* Build configuration list for PBXNativeTarget "TVChartWatchTests" */ = {
			isa = XCConfigurationList;
			buildConfigurations = (
				3999486028C25D24009626B1 /* Debug */,
				3999486128C25D24009626B1 /* Release */,
			);
			defaultConfigurationIsVisible = 0;
			defaultConfigurationName = Release;
		};
		3999486228C25D24009626B1 /* Build configuration list for PBXNativeTarget "TVChartWatchUITests" */ = {
			isa = XCConfigurationList;
			buildConfigurations = (
				3999486328C25D24009626B1 /* Debug */,
				3999486428C25D24009626B1 /* Release */,
			);
			defaultConfigurationIsVisible = 0;
			defaultConfigurationName = Release;
		};
/* End XCConfigurationList section */
	};
	rootObject = 3999481628C25D1F009626B1 /* Project object */;
}
